
Microsoft Visual Studio Solution File, Format Version 12.00
# Visual Studio Version 17
VisualStudioVersion = 17.11.35303.130
MinimumVisualStudioVersion = 10.0.40219.1
Project("{9A19103F-16F7-4668-BE54-9A1E7A4F7556}") = "Face.EntidadesDeNegocio", "Face.EntidadesDeNegocio\Face.EntidadesDeNegocio.csproj", "{136BAE76-69C3-4960-9ADA-B35AE3641AAB}"
EndProject
Project("{9A19103F-16F7-4668-BE54-9A1E7A4F7556}") = "Face.LogicaDeNegocio", "Face.LogicaDeNegocio\Face.LogicaDeNegocio.csproj", "{DA7EEB9E-CFA1-4A36-9904-A9A2A5449432}"
EndProject
Project("{9A19103F-16F7-4668-BE54-9A1E7A4F7556}") = "Face.AccesoADatos", "Face.AccesoADatos\Face.AccesoADatos.csproj", "{C0AE35DC-7F9B-40FC-A37D-2BB6064CCC63}"
EndProject
Project("{9A19103F-16F7-4668-BE54-9A1E7A4F7556}") = "Face.UserInterface", "Face.UserInterface\Face.UserInterface.csproj", "{BED06A74-612E-4B02-986E-B06993C4B9C7}"
EndProject
Global
	GlobalSection(SolutionConfigurationPlatforms) = preSolution
		Debug|Any CPU = Debug|Any CPU
		Release|Any CPU = Release|Any CPU
	EndGlobalSection
	GlobalSection(ProjectConfigurationPlatforms) = postSolution
		{136BAE76-69C3-4960-9ADA-B35AE3641AAB}.Debug|Any CPU.ActiveCfg = Debug|Any CPU
		{136BAE76-69C3-4960-9ADA-B35AE3641AAB}.Debug|Any CPU.Build.0 = Debug|Any CPU
		{136BAE76-69C3-4960-9ADA-B35AE3641AAB}.Release|Any CPU.ActiveCfg = Release|Any CPU
		{136BAE76-69C3-4960-9ADA-B35AE3641AAB}.Release|Any CPU.Build.0 = Release|Any CPU
		{DA7EEB9E-CFA1-4A36-9904-A9A2A5449432}.Debug|Any CPU.ActiveCfg = Debug|Any CPU
		{DA7EEB9E-CFA1-4A36-9904-A9A2A5449432}.Debug|Any CPU.Build.0 = Debug|Any CPU
		{DA7EEB9E-CFA1-4A36-9904-A9A2A5449432}.Release|Any CPU.ActiveCfg = Release|Any CPU
		{DA7EEB9E-CFA1-4A36-9904-A9A2A5449432}.Release|Any CPU.Build.0 = Release|Any CPU
		{C0AE35DC-7F9B-40FC-A37D-2BB6064CCC63}.Debug|Any CPU.ActiveCfg = Debug|Any CPU
		{C0AE35DC-7F9B-40FC-A37D-2BB6064CCC63}.Debug|Any CPU.Build.0 = Debug|Any CPU
		{C0AE35DC-7F9B-40FC-A37D-2BB6064CCC63}.Release|Any CPU.ActiveCfg = Release|Any CPU
		{C0AE35DC-7F9B-40FC-A37D-2BB6064CCC63}.Release|Any CPU.Build.0 = Release|Any CPU
		{BED06A74-612E-4B02-986E-B06993C4B9C7}.Debug|Any CPU.ActiveCfg = Debug|Any CPU
		{BED06A74-612E-4B02-986E-B06993C4B9C7}.Debug|Any CPU.Build.0 = Debug|Any CPU
		{BED06A74-612E-4B02-986E-B06993C4B9C7}.Release|Any CPU.ActiveCfg = Release|Any CPU
		{BED06A74-612E-4B02-986E-B06993C4B9C7}.Release|Any CPU.Build.0 = Release|Any CPU
	EndGlobalSection
	GlobalSection(SolutionProperties) = preSolution
		HideSolutionNode = FALSE
	EndGlobalSection
	GlobalSection(ExtensibilityGlobals) = postSolution
		SolutionGuid = {DC683A30-525D-440C-AE35-00304163C2DA}
	EndGlobalSection
EndGlobal
